
Microsoft Visual Studio Solution File, Format Version 12.00
# Visual Studio Version 16
VisualStudioVersion = 16.0.31727.386
MinimumVisualStudioVersion = 10.0.40219.1
Project("{FAE04EC0-301F-11D3-BF4B-00C04F79EFBC}") = "SGB Settings Editor", "SGB Settings Editor.csproj", "{48C32B26-CA20-4C09-B8CA-881EA6CC8480}"
EndProject
Global
	GlobalSection(SolutionConfigurationPlatforms) = preSolution
		Debug|Any CPU = Debug|Any CPU
		Release|Any CPU = Release|Any CPU
	EndGlobalSection
	GlobalSection(ProjectConfigurationPlatforms) = postSolution
		{48C32B26-CA20-4C09-B8CA-881EA6CC8480}.Debug|Any CPU.ActiveCfg = Debug|Any CPU
		{48C32B26-CA20-4C09-B8CA-881EA6CC8480}.Debug|Any CPU.Build.0 = Debug|Any CPU
		{48C32B26-CA20-4C09-B8CA-881EA6CC8480}.Release|Any CPU.ActiveCfg = Release|Any CPU
		{48C32B26-CA20-4C09-B8CA-881EA6CC8480}.Release|Any CPU.Build.0 = Release|Any CPU
	EndGlobalSection
	GlobalSection(SolutionProperties) = preSolution
		HideSolutionNode = FALSE
	EndGlobalSection
	GlobalSection(ExtensibilityGlobals) = postSolution
		SolutionGuid = {FC09E9C2-F1D1-4325-B254-BAD249FCD23A}
	EndGlobalSection
EndGlobal
